// !$*UTF8*$!
{
	archiveVersion = 1;
	classes = {
	};
	objectVersion = 46;
	objects = {

/* Begin PBXBuildFile section */
		F15475891E045F8B00EC6194 /* AppDelegate.swift in Sources */ = {isa = PBXBuildFile; fileRef = F15475881E045F8B00EC6194 /* AppDelegate.swift */; };
		F154758B1E045F8B00EC6194 /* ViewController.swift in Sources */ = {isa = PBXBuildFile; fileRef = F154758A1E045F8B00EC6194 /* ViewController.swift */; };
		F154758E1E045F8B00EC6194 /* Main.storyboard in Resources */ = {isa = PBXBuildFile; fileRef = F154758C1E045F8B00EC6194 /* Main.storyboard */; };
		F15475901E045F8B00EC6194 /* Assets.xcassets in Resources */ = {isa = PBXBuildFile; fileRef = F154758F1E045F8B00EC6194 /* Assets.xcassets */; };
		F15475931E045F8B00EC6194 /* LaunchScreen.storyboard in Resources */ = {isa = PBXBuildFile; fileRef = F15475911E045F8B00EC6194 /* LaunchScreen.storyboard */; };
		F154759D1E04610300EC6194 /* HomeViewController.swift in Sources */ = {isa = PBXBuildFile; fileRef = F154759C1E04610300EC6194 /* HomeViewController.swift */; };
		F182E7381E99F46600F204FE /* SWRevealViewController.m in Sources */ = {isa = PBXBuildFile; fileRef = F182E7271E99F46600F204FE /* SWRevealViewController.m */; };
		F182E73A1E99F4B500F204FE /* MenuViewController.swift in Sources */ = {isa = PBXBuildFile; fileRef = F182E7391E99F4B500F204FE /* MenuViewController.swift */; };
		F182E73C1E9A03FC00F204FE /* ForgotPassword.swift in Sources */ = {isa = PBXBuildFile; fileRef = F182E73B1E9A03FC00F204FE /* ForgotPassword.swift */; };
		F182E7441E9A0EA400F204FE /* ForgotUsername.swift in Sources */ = {isa = PBXBuildFile; fileRef = F182E7431E9A0EA400F204FE /* ForgotUsername.swift */; };
		F182E7501E9AA80D00F204FE /* CodeForceMenu.swift in Sources */ = {isa = PBXBuildFile; fileRef = F182E74F1E9AA80D00F204FE /* CodeForceMenu.swift */; };
		F182E7541E9AAC9F00F204FE /* MenuCell.swift in Sources */ = {isa = PBXBuildFile; fileRef = F182E7531E9AAC9F00F204FE /* MenuCell.swift */; };
		F182E7591E9AE2C900F204FE /* AboutUsViewController.swift in Sources */ = {isa = PBXBuildFile; fileRef = F182E7581E9AE2C900F204FE /* AboutUsViewController.swift */; };
		F182E75F1E9B0DC700F204FE /* JobZoneViewController.swift in Sources */ = {isa = PBXBuildFile; fileRef = F182E75E1E9B0DC700F204FE /* JobZoneViewController.swift */; };
		F182E7611E9B0F2700F204FE /* ContactUsViewController.swift in Sources */ = {isa = PBXBuildFile; fileRef = F182E7601E9B0F2700F204FE /* ContactUsViewController.swift */; };
		F182E7631E9B331500F204FE /* CFHomeViewController.swift in Sources */ = {isa = PBXBuildFile; fileRef = F182E7621E9B331500F204FE /* CFHomeViewController.swift */; };
		F182E7671E9BD0D800F204FE /* StaffingViewController.swift in Sources */ = {isa = PBXBuildFile; fileRef = F182E7661E9BD0D800F204FE /* StaffingViewController.swift */; };
		F182E7691E9BD26700F204FE /* OutsourcingViewController.swift in Sources */ = {isa = PBXBuildFile; fileRef = F182E7681E9BD26700F204FE /* OutsourcingViewController.swift */; };
		F182E76B1E9BD33A00F204FE /* DigitalViewController.swift in Sources */ = {isa = PBXBuildFile; fileRef = F182E76A1E9BD33A00F204FE /* DigitalViewController.swift */; };
		F182E76D1E9BD34B00F204FE /* TechnologyViewController.swift in Sources */ = {isa = PBXBuildFile; fileRef = F182E76C1E9BD34B00F204FE /* TechnologyViewController.swift */; };
		F182E76F1E9BD36C00F204FE /* DiversityViewController.swift in Sources */ = {isa = PBXBuildFile; fileRef = F182E76E1E9BD36C00F204FE /* DiversityViewController.swift */; };
		F1B3405E1E99BB4A002DBFEA /* SignUpViewController.swift in Sources */ = {isa = PBXBuildFile; fileRef = F1B3405D1E99BB4A002DBFEA /* SignUpViewController.swift */; };
/* End PBXBuildFile section */

/* Begin PBXFileReference section */
		F15475851E045F8B00EC6194 /* Padala.app */ = {isa = PBXFileReference; explicitFileType = wrapper.application; includeInIndex = 0; path = Padala.app; sourceTree = BUILT_PRODUCTS_DIR; };
		F15475881E045F8B00EC6194 /* AppDelegate.swift */ = {isa = PBXFileReference; lastKnownFileType = sourcecode.swift; path = AppDelegate.swift; sourceTree = "<group>"; };
		F154758A1E045F8B00EC6194 /* ViewController.swift */ = {isa = PBXFileReference; lastKnownFileType = sourcecode.swift; path = ViewController.swift; sourceTree = "<group>"; };
		F154758D1E045F8B00EC6194 /* Base */ = {isa = PBXFileReference; lastKnownFileType = file.storyboard; name = Base; path = Base.lproj/Main.storyboard; sourceTree = "<group>"; };
		F154758F1E045F8B00EC6194 /* Assets.xcassets */ = {isa = PBXFileReference; lastKnownFileType = folder.assetcatalog; path = Assets.xcassets; sourceTree = "<group>"; };
		F15475921E045F8B00EC6194 /* Base */ = {isa = PBXFileReference; lastKnownFileType = file.storyboard; name = Base; path = Base.lproj/LaunchScreen.storyboard; sourceTree = "<group>"; };
		F15475941E045F8B00EC6194 /* Info.plist */ = {isa = PBXFileReference; lastKnownFileType = text.plist.xml; path = Info.plist; sourceTree = "<group>"; };
		F154759C1E04610300EC6194 /* HomeViewController.swift */ = {isa = PBXFileReference; fileEncoding = 4; lastKnownFileType = sourcecode.swift; path = HomeViewController.swift; sourceTree = "<group>"; };
		F182E7151E99F3E200F204FE /* Padala-Bridging-Header.h */ = {isa = PBXFileReference; lastKnownFileType = sourcecode.c.h; path = "Padala-Bridging-Header.h"; sourceTree = "<group>"; };
		F182E7261E99F46600F204FE /* SWRevealViewController.h */ = {isa = PBXFileReference; fileEncoding = 4; lastKnownFileType = sourcecode.c.h; path = SWRevealViewController.h; sourceTree = "<group>"; };
		F182E7271E99F46600F204FE /* SWRevealViewController.m */ = {isa = PBXFileReference; fileEncoding = 4; lastKnownFileType = sourcecode.c.objc; path = SWRevealViewController.m; sourceTree = "<group>"; };
		F182E7391E99F4B500F204FE /* MenuViewController.swift */ = {isa = PBXFileReference; fileEncoding = 4; lastKnownFileType = sourcecode.swift; path = MenuViewController.swift; sourceTree = "<group>"; };
		F182E73B1E9A03FC00F204FE /* ForgotPassword.swift */ = {isa = PBXFileReference; fileEncoding = 4; lastKnownFileType = sourcecode.swift; path = ForgotPassword.swift; sourceTree = "<group>"; };
		F182E7431E9A0EA400F204FE /* ForgotUsername.swift */ = {isa = PBXFileReference; fileEncoding = 4; lastKnownFileType = sourcecode.swift; path = ForgotUsername.swift; sourceTree = "<group>"; };
		F182E74F1E9AA80D00F204FE /* CodeForceMenu.swift */ = {isa = PBXFileReference; fileEncoding = 4; lastKnownFileType = sourcecode.swift; path = CodeForceMenu.swift; sourceTree = "<group>"; };
		F182E7531E9AAC9F00F204FE /* MenuCell.swift */ = {isa = PBXFileReference; fileEncoding = 4; lastKnownFileType = sourcecode.swift; path = MenuCell.swift; sourceTree = "<group>"; };
		F182E7581E9AE2C900F204FE /* AboutUsViewController.swift */ = {isa = PBXFileReference; fileEncoding = 4; lastKnownFileType = sourcecode.swift; path = AboutUsViewController.swift; sourceTree = "<group>"; };
		F182E75E1E9B0DC700F204FE /* JobZoneViewController.swift */ = {isa = PBXFileReference; fileEncoding = 4; lastKnownFileType = sourcecode.swift; path = JobZoneViewController.swift; sourceTree = "<group>"; };
		F182E7601E9B0F2700F204FE /* ContactUsViewController.swift */ = {isa = PBXFileReference; fileEncoding = 4; lastKnownFileType = sourcecode.swift; path = ContactUsViewController.swift; sourceTree = "<group>"; };
		F182E7621E9B331500F204FE /* CFHomeViewController.swift */ = {isa = PBXFileReference; fileEncoding = 4; lastKnownFileType = sourcecode.swift; path = CFHomeViewController.swift; sourceTree = "<group>"; };
		F182E7661E9BD0D800F204FE /* StaffingViewController.swift */ = {isa = PBXFileReference; fileEncoding = 4; lastKnownFileType = sourcecode.swift; path = StaffingViewController.swift; sourceTree = "<group>"; };
		F182E7681E9BD26700F204FE /* OutsourcingViewController.swift */ = {isa = PBXFileReference; fileEncoding = 4; lastKnownFileType = sourcecode.swift; path = OutsourcingViewController.swift; sourceTree = "<group>"; };
		F182E76A1E9BD33A00F204FE /* DigitalViewController.swift */ = {isa = PBXFileReference; fileEncoding = 4; lastKnownFileType = sourcecode.swift; path = DigitalViewController.swift; sourceTree = "<group>"; };
		F182E76C1E9BD34B00F204FE /* TechnologyViewController.swift */ = {isa = PBXFileReference; fileEncoding = 4; lastKnownFileType = sourcecode.swift; path = TechnologyViewController.swift; sourceTree = "<group>"; };
		F182E76E1E9BD36C00F204FE /* DiversityViewController.swift */ = {isa = PBXFileReference; fileEncoding = 4; lastKnownFileType = sourcecode.swift; path = DiversityViewController.swift; sourceTree = "<group>"; };
		F1B3405D1E99BB4A002DBFEA /* SignUpViewController.swift */ = {isa = PBXFileReference; fileEncoding = 4; lastKnownFileType = sourcecode.swift; path = SignUpViewController.swift; sourceTree = "<group>"; };
/* End PBXFileReference section */

/* Begin PBXFrameworksBuildPhase section */
		F15475821E045F8A00EC6194 /* Frameworks */ = {
			isa = PBXFrameworksBuildPhase;
			buildActionMask = 2147483647;
			files = (
			);
			runOnlyForDeploymentPostprocessing = 0;
		};
/* End PBXFrameworksBuildPhase section */

/* Begin PBXGroup section */
		F154757C1E045F8A00EC6194 = {
			isa = PBXGroup;
			children = (
				F15475871E045F8B00EC6194 /* Padala */,
				F15475861E045F8B00EC6194 /* Products */,
			);
			sourceTree = "<group>";
		};
		F15475861E045F8B00EC6194 /* Products */ = {
			isa = PBXGroup;
			children = (
				F15475851E045F8B00EC6194 /* Padala.app */,
			);
			name = Products;
			sourceTree = "<group>";
		};
		F15475871E045F8B00EC6194 /* Padala */ = {
			isa = PBXGroup;
			children = (
				F15475881E045F8B00EC6194 /* AppDelegate.swift */,
				F182E7551E9AE1F600F204FE /* Account */,
				F182E7561E9AE26500F204FE /* Codeforce */,
				F154758C1E045F8B00EC6194 /* Main.storyboard */,
				F15475911E045F8B00EC6194 /* LaunchScreen.storyboard */,
				F182E7571E9AE28700F204FE /* Supporting Files */,
				F154758F1E045F8B00EC6194 /* Assets.xcassets */,
				F15475941E045F8B00EC6194 /* Info.plist */,
			);
			path = Padala;
			sourceTree = "<group>";
		};
		F182E7551E9AE1F600F204FE /* Account */ = {
			isa = PBXGroup;
			children = (
				F154758A1E045F8B00EC6194 /* ViewController.swift */,
				F154759C1E04610300EC6194 /* HomeViewController.swift */,
				F1B3405D1E99BB4A002DBFEA /* SignUpViewController.swift */,
				F182E73B1E9A03FC00F204FE /* ForgotPassword.swift */,
				F182E7431E9A0EA400F204FE /* ForgotUsername.swift */,
			);
			name = Account;
			sourceTree = "<group>";
		};
		F182E7561E9AE26500F204FE /* Codeforce */ = {
			isa = PBXGroup;
			children = (
				F182E74F1E9AA80D00F204FE /* CodeForceMenu.swift */,
				F182E7621E9B331500F204FE /* CFHomeViewController.swift */,
				F182E7531E9AAC9F00F204FE /* MenuCell.swift */,
				F182E7391E99F4B500F204FE /* MenuViewController.swift */,
				F182E7661E9BD0D800F204FE /* StaffingViewController.swift */,
				F182E7581E9AE2C900F204FE /* AboutUsViewController.swift */,
				F182E75E1E9B0DC700F204FE /* JobZoneViewController.swift */,
				F182E7601E9B0F2700F204FE /* ContactUsViewController.swift */,
				F182E7681E9BD26700F204FE /* OutsourcingViewController.swift */,
				F182E76A1E9BD33A00F204FE /* DigitalViewController.swift */,
				F182E76C1E9BD34B00F204FE /* TechnologyViewController.swift */,
				F182E76E1E9BD36C00F204FE /* DiversityViewController.swift */,
			);
			name = Codeforce;
			sourceTree = "<group>";
		};
		F182E7571E9AE28700F204FE /* Supporting Files */ = {
			isa = PBXGroup;
			children = (
				F182E7151E99F3E200F204FE /* Padala-Bridging-Header.h */,
				F182E7261E99F46600F204FE /* SWRevealViewController.h */,
				F182E7271E99F46600F204FE /* SWRevealViewController.m */,
			);
			name = "Supporting Files";
			sourceTree = "<group>";
		};
/* End PBXGroup section */

/* Begin PBXNativeTarget section */
		F15475841E045F8A00EC6194 /* Padala */ = {
			isa = PBXNativeTarget;
			buildConfigurationList = F15475971E045F8B00EC6194 /* Build configuration list for PBXNativeTarget "Padala" */;
			buildPhases = (
				F15475811E045F8A00EC6194 /* Sources */,
				F15475821E045F8A00EC6194 /* Frameworks */,
				F15475831E045F8A00EC6194 /* Resources */,
			);
			buildRules = (
			);
			dependencies = (
			);
			name = Padala;
			productName = Padala;
			productReference = F15475851E045F8B00EC6194 /* Padala.app */;
			productType = "com.apple.product-type.application";
		};
/* End PBXNativeTarget section */

/* Begin PBXProject section */
		F154757D1E045F8A00EC6194 /* Project object */ = {
			isa = PBXProject;
			attributes = {
				LastSwiftUpdateCheck = 0810;
				LastUpgradeCheck = 0830;
				ORGANIZATIONNAME = "Vamshi krishna Padala";
				TargetAttributes = {
					F15475841E045F8A00EC6194 = {
						CreatedOnToolsVersion = 8.1;
						DevelopmentTeam = NJJ8D38RGZ;
						LastSwiftMigration = 0900;
						ProvisioningStyle = Automatic;
					};
				};
			};
			buildConfigurationList = F15475801E045F8A00EC6194 /* Build configuration list for PBXProject "Padala" */;
			compatibilityVersion = "Xcode 3.2";
			developmentRegion = English;
			hasScannedForEncodings = 0;
			knownRegions = (
				en,
				Base,
			);
			mainGroup = F154757C1E045F8A00EC6194;
			productRefGroup = F15475861E045F8B00EC6194 /* Products */;
			projectDirPath = "";
			projectRoot = "";
			targets = (
				F15475841E045F8A00EC6194 /* Padala */,
			);
		};
/* End PBXProject section */

/* Begin PBXResourcesBuildPhase section */
		F15475831E045F8A00EC6194 /* Resources */ = {
			isa = PBXResourcesBuildPhase;
			buildActionMask = 2147483647;
			files = (
				F15475931E045F8B00EC6194 /* LaunchScreen.storyboard in Resources */,
				F15475901E045F8B00EC6194 /* Assets.xcassets in Resources */,
				F154758E1E045F8B00EC6194 /* Main.storyboard in Resources */,
			);
			runOnlyForDeploymentPostprocessing = 0;
		};
/* End PBXResourcesBuildPhase section */

/* Begin PBXSourcesBuildPhase section */
		F15475811E045F8A00EC6194 /* Sources */ = {
			isa = PBXSourcesBuildPhase;
			buildActionMask = 2147483647;
			files = (
				F154758B1E045F8B00EC6194 /* ViewController.swift in Sources */,
				F154759D1E04610300EC6194 /* HomeViewController.swift in Sources */,
				F182E7441E9A0EA400F204FE /* ForgotUsername.swift in Sources */,
				F182E76B1E9BD33A00F204FE /* DigitalViewController.swift in Sources */,
				F182E7381E99F46600F204FE /* SWRevealViewController.m in Sources */,
				F182E7501E9AA80D00F204FE /* CodeForceMenu.swift in Sources */,
				F1B3405E1E99BB4A002DBFEA /* SignUpViewController.swift in Sources */,
				F182E7541E9AAC9F00F204FE /* MenuCell.swift in Sources */,
				F182E73A1E99F4B500F204FE /* MenuViewController.swift in Sources */,
				F182E7591E9AE2C900F204FE /* AboutUsViewController.swift in Sources */,
				F182E7631E9B331500F204FE /* CFHomeViewController.swift in Sources */,
				F182E76F1E9BD36C00F204FE /* DiversityViewController.swift in Sources */,
				F182E75F1E9B0DC700F204FE /* JobZoneViewController.swift in Sources */,
				F15475891E045F8B00EC6194 /* AppDelegate.swift in Sources */,
				F182E7691E9BD26700F204FE /* OutsourcingViewController.swift in Sources */,
				F182E7611E9B0F2700F204FE /* ContactUsViewController.swift in Sources */,
				F182E7671E9BD0D800F204FE /* StaffingViewController.swift in Sources */,
				F182E73C1E9A03FC00F204FE /* ForgotPassword.swift in Sources */,
				F182E76D1E9BD34B00F204FE /* TechnologyViewController.swift in Sources */,
			);
			runOnlyForDeploymentPostprocessing = 0;
		};
/* End PBXSourcesBuildPhase section */

/* Begin PBXVariantGroup section */
		F154758C1E045F8B00EC6194 /* Main.storyboard */ = {
			isa = PBXVariantGroup;
			children = (
				F154758D1E045F8B00EC6194 /* Base */,
			);
			name = Main.storyboard;
			sourceTree = "<group>";
		};
		F15475911E045F8B00EC6194 /* LaunchScreen.storyboard */ = {
			isa = PBXVariantGroup;
			children = (
				F15475921E045F8B00EC6194 /* Base */,
			);
			name = LaunchScreen.storyboard;
			sourceTree = "<group>";
		};
/* End PBXVariantGroup section */

/* Begin XCBuildConfiguration section */
		F15475951E045F8B00EC6194 /* Debug */ = {
			isa = XCBuildConfiguration;
			buildSettings = {
				ALWAYS_SEARCH_USER_PATHS = NO;
				CLANG_ANALYZER_NONNULL = YES;
				CLANG_CXX_LANGUAGE_STANDARD = "gnu++0x";
				CLANG_CXX_LIBRARY = "libc++";
				CLANG_ENABLE_MODULES = YES;
				CLANG_ENABLE_OBJC_ARC = YES;
				CLANG_WARN_BOOL_CONVERSION = YES;
				CLANG_WARN_CONSTANT_CONVERSION = YES;
				CLANG_WARN_DIRECT_OBJC_ISA_USAGE = YES_ERROR;
				CLANG_WARN_DOCUMENTATION_COMMENTS = YES;
				CLANG_WARN_EMPTY_BODY = YES;
				CLANG_WARN_ENUM_CONVERSION = YES;
				CLANG_WARN_INFINITE_RECURSION = YES;
				CLANG_WARN_INT_CONVERSION = YES;
				CLANG_WARN_OBJC_ROOT_CLASS = YES_ERROR;
				CLANG_WARN_SUSPICIOUS_MOVE = YES;
				CLANG_WARN_SUSPICIOUS_MOVES = YES;
				CLANG_WARN_UNREACHABLE_CODE = YES;
				CLANG_WARN__DUPLICATE_METHOD_MATCH = YES;
				"CODE_SIGN_IDENTITY[sdk=iphoneos*]" = "iPhone Developer";
				COPY_PHASE_STRIP = NO;
				DEBUG_INFORMATION_FORMAT = dwarf;
				ENABLE_STRICT_OBJC_MSGSEND = YES;
				ENABLE_TESTABILITY = YES;
				GCC_C_LANGUAGE_STANDARD = gnu99;
				GCC_DYNAMIC_NO_PIC = NO;
				GCC_NO_COMMON_BLOCKS = YES;
				GCC_OPTIMIZATION_LEVEL = 0;
				GCC_PREPROCESSOR_DEFINITIONS = (
					"DEBUG=1",
					"$(inherited)",
				);
				GCC_WARN_64_TO_32_BIT_CONVERSION = YES;
				GCC_WARN_ABOUT_RETURN_TYPE = YES_ERROR;
				GCC_WARN_UNDECLARED_SELECTOR = YES;
				GCC_WARN_UNINITIALIZED_AUTOS = YES_AGGRESSIVE;
				GCC_WARN_UNUSED_FUNCTION = YES;
				GCC_WARN_UNUSED_VARIABLE = YES;
				IPHONEOS_DEPLOYMENT_TARGET = 10.1;
				MTL_ENABLE_DEBUG_INFO = YES;
				ONLY_ACTIVE_ARCH = YES;
				SDKROOT = iphoneos;
				SWIFT_ACTIVE_COMPILATION_CONDITIONS = DEBUG;
				SWIFT_OPTIMIZATION_LEVEL = "-Onone";
				SWIFT_SWIFT3_OBJC_INFERENCE = Default;
				TARGETED_DEVICE_FAMILY = "1,2";
			};
			name = Debug;
		};
		F15475961E045F8B00EC6194 /* Release */ = {
			isa = XCBuildConfiguration;
			buildSettings = {
				ALWAYS_SEARCH_USER_PATHS = NO;
				CLANG_ANALYZER_NONNULL = YES;
				CLANG_CXX_LANGUAGE_STANDARD = "gnu++0x";
				CLANG_CXX_LIBRARY = "libc++";
				CLANG_ENABLE_MODULES = YES;
				CLANG_ENABLE_OBJC_ARC = YES;
				CLANG_WARN_BOOL_CONVERSION = YES;
				CLANG_WARN_CONSTANT_CONVERSION = YES;
				CLANG_WARN_DIRECT_OBJC_ISA_USAGE = YES_ERROR;
				CLANG_WARN_DOCUMENTATION_COMMENTS = YES;
				CLANG_WARN_EMPTY_BODY = YES;
				CLANG_WARN_ENUM_CONVERSION = YES;
				CLANG_WARN_INFINITE_RECURSION = YES;
				CLANG_WARN_INT_CONVERSION = YES;
				CLANG_WARN_OBJC_ROOT_CLASS = YES_ERROR;
				CLANG_WARN_SUSPICIOUS_MOVE = YES;
				CLANG_WARN_SUSPICIOUS_MOVES = YES;
				CLANG_WARN_UNREACHABLE_CODE = YES;
				CLANG_WARN__DUPLICATE_METHOD_MATCH = YES;
				"CODE_SIGN_IDENTITY[sdk=iphoneos*]" = "iPhone Developer";
				COPY_PHASE_STRIP = NO;
				DEBUG_INFORMATION_FORMAT = "dwarf-with-dsym";
				ENABLE_NS_ASSERTIONS = NO;
				ENABLE_STRICT_OBJC_MSGSEND = YES;
				GCC_C_LANGUAGE_STANDARD = gnu99;
				GCC_NO_COMMON_BLOCKS = YES;
				GCC_WARN_64_TO_32_BIT_CONVERSION = YES;
				GCC_WARN_ABOUT_RETURN_TYPE = YES_ERROR;
				GCC_WARN_UNDECLARED_SELECTOR = YES;
				GCC_WARN_UNINITIALIZED_AUTOS = YES_AGGRESSIVE;
				GCC_WARN_UNUSED_FUNCTION = YES;
				GCC_WARN_UNUSED_VARIABLE = YES;
				IPHONEOS_DEPLOYMENT_TARGET = 10.1;
				MTL_ENABLE_DEBUG_INFO = NO;
				SDKROOT = iphoneos;
				SWIFT_OPTIMIZATION_LEVEL = "-Owholemodule";
				SWIFT_SWIFT3_OBJC_INFERENCE = Default;
				TARGETED_DEVICE_FAMILY = "1,2";
				VALIDATE_PRODUCT = YES;
			};
			name = Release;
		};
		F15475981E045F8B00EC6194 /* Debug */ = {
			isa = XCBuildConfiguration;
			buildSettings = {
				ALWAYS_EMBED_SWIFT_STANDARD_LIBRARIES = YES;
				ASSETCATALOG_COMPILER_APPICON_NAME = AppIcon;
				CLANG_ENABLE_MODULES = YES;
				DEVELOPMENT_TEAM = NJJ8D38RGZ;
				INFOPLIST_FILE = Padala/Info.plist;
				LD_RUNPATH_SEARCH_PATHS = "$(inherited) @executable_path/Frameworks";
				PRODUCT_BUNDLE_IDENTIFIER = com.vamshikpadala.Padala;
				PRODUCT_NAME = "$(TARGET_NAME)";
				SWIFT_OBJC_BRIDGING_HEADER = "Padala/Padala-Bridging-Header.h";
				SWIFT_OPTIMIZATION_LEVEL = "-Onone";
				SWIFT_SWIFT3_OBJC_INFERENCE = Default;
				SWIFT_VERSION = 4.0;
			};
			name = Debug;
		};
		F15475991E045F8B00EC6194 /* Release */ = {
			isa = XCBuildConfiguration;
			buildSettings = {
				ALWAYS_EMBED_SWIFT_STANDARD_LIBRARIES = YES;
				ASSETCATALOG_COMPILER_APPICON_NAME = AppIcon;
				CLANG_ENABLE_MODULES = YES;
				DEVELOPMENT_TEAM = NJJ8D38RGZ;
				INFOPLIST_FILE = Padala/Info.plist;
				LD_RUNPATH_SEARCH_PATHS = "$(inherited) @executable_path/Frameworks";
				PRODUCT_BUNDLE_IDENTIFIER = com.vamshikpadala.Padala;
				PRODUCT_NAME = "$(TARGET_NAME)";
				SWIFT_OBJC_BRIDGING_HEADER = "Padala/Padala-Bridging-Header.h";
				SWIFT_SWIFT3_OBJC_INFERENCE = Default;
				SWIFT_VERSION = 4.0;
			};
			name = Release;
		};
/* End XCBuildConfiguration section */

/* Begin XCConfigurationList section */
		F15475801E045F8A00EC6194 /* Build configuration list for PBXProject "Padala" */ = {
			isa = XCConfigurationList;
			buildConfigurations = (
				F15475951E045F8B00EC6194 /* Debug */,
				F15475961E045F8B00EC6194 /* Release */,
			);
			defaultConfigurationIsVisible = 0;
			defaultConfigurationName = Release;
		};
		F15475971E045F8B00EC6194 /* Build configuration list for PBXNativeTarget "Padala" */ = {
			isa = XCConfigurationList;
			buildConfigurations = (
				F15475981E045F8B00EC6194 /* Debug */,
				F15475991E045F8B00EC6194 /* Release */,
			);
			defaultConfigurationIsVisible = 0;
			defaultConfigurationName = Release;
		};
/* End XCConfigurationList section */
	};
	rootObject = F154757D1E045F8A00EC6194 /* Project object */;
}
